{
    "_meta": {
        "hash": {
            "sha256": "9379c89a23927a3a14540cf36cb6ca1de64c81e1603d49867a4c9a0f96a333b3"
        },
        "pipfile-spec": 6,
        "requires": {
            "python_version": "3.11"
        },
        "sources": [
            {
                "name": "pypi",
                "url": "https://pypi.org/simple",
                "verify_ssl": true
            }
        ]
    },
    "default": {
        "arpeggio": {
            "hashes": [
                "sha256:c790b2b06e226d2dd468e4fbfb5b7f506cec66416031fde1441cf1de2a0ba700",
                "sha256:f7c8ae4f4056a89e020c24c7202ac8df3e2bc84e416746f20b0da35bb1de0250"
            ],
            "version": "==2.0.2"
        },
        "attrs": {
            "hashes": [
                "sha256:427318ce031701fea540783410126f03899a97ffc6f61596ad581ac2e40e3bc3",
                "sha256:75d7cefc7fb576747b2c81b4442d4d4a1ce0900973527c011d1030fd3bf4af1b"
            ],
            "markers": "python_version >= '3.8'",
            "version": "==25.3.0"
        },
        "bcrypt": {
            "hashes": [
                "sha256:0042b2e342e9ae3d2ed22727c1262f76cc4f345683b5c1715f0250cf4277294f",
                "sha256:0142b2cb84a009f8452c8c5a33ace5e3dfec4159e7735f5afe9a4d50a8ea722d",
                "sha256:08bacc884fd302b611226c01014eca277d48f0a05187666bca23aac0dad6fe24",
                "sha256:0d3efb1157edebfd9128e4e46e2ac1a64e0c1fe46fb023158a407c7892b0f8c3",
                "sha256:0e30e5e67aed0187a1764911af023043b4542e70a7461ad20e837e94d23e1d6c",
                "sha256:107d53b5c67e0bbc3f03ebf5b030e0403d24dda980f8e244795335ba7b4a027d",
                "sha256:12fa6ce40cde3f0b899729dbd7d5e8811cb892d31b6f7d0334a1f37748b789fd",
                "sha256:17a854d9a7a476a89dcef6c8bd119ad23e0f82557afbd2c442777a16408e614f",
                "sha256:191354ebfe305e84f344c5964c7cd5f924a3bfc5d405c75ad07f232b6dffb49f",
                "sha256:2ef6630e0ec01376f59a006dc72918b1bf436c3b571b80fa1968d775fa02fe7d",
                "sha256:3004df1b323d10021fda07a813fd33e0fd57bef0e9a480bb143877f6cba996fe",
                "sha256:335a420cfd63fc5bc27308e929bee231c15c85cc4c496610ffb17923abf7f231",
                "sha256:33752b1ba962ee793fa2b6321404bf20011fe45b9afd2a842139de3011898fef",
                "sha256:3a3fd2204178b6d2adcf09cb4f6426ffef54762577a7c9b54c159008cb288c18",
                "sha256:3b8d62290ebefd49ee0b3ce7500f5dbdcf13b81402c05f6dafab9a1e1b27212f",
                "sha256:3e36506d001e93bffe59754397572f21bb5dc7c83f54454c990c74a468cd589e",
                "sha256:41261d64150858eeb5ff43c753c4b216991e0ae16614a308a15d909503617732",
                "sha256:50e6e80a4bfd23a25f5c05b90167c19030cf9f87930f7cb2eacb99f45d1c3304",
                "sha256:531457e5c839d8caea9b589a1bcfe3756b0547d7814e9ce3d437f17da75c32b0",
                "sha256:55a935b8e9a1d2def0626c4269db3fcd26728cbff1e84f0341465c31c4ee56d8",
                "sha256:57967b7a28d855313a963aaea51bf6df89f833db4320da458e5b3c5ab6d4c938",
                "sha256:584027857bc2843772114717a7490a37f68da563b3620f78a849bcb54dc11e62",
                "sha256:59e1aa0e2cd871b08ca146ed08445038f42ff75968c7ae50d2fdd7860ade2180",
                "sha256:5bd3cca1f2aa5dbcf39e2aa13dd094ea181f48959e1071265de49cc2b82525af",
                "sha256:5c1949bf259a388863ced887c7861da1df681cb2388645766c89fdfd9004c669",
                "sha256:62f26585e8b219cdc909b6a0069efc5e4267e25d4a3770a364ac58024f62a761",
                "sha256:67a561c4d9fb9465ec866177e7aebcad08fe23aaf6fbd692a6fab69088abfc51",
                "sha256:6fb1fd3ab08c0cbc6826a2e0447610c6f09e983a281b919ed721ad32236b8b23",
                "sha256:74a8d21a09f5e025a9a23e7c0fd2c7fe8e7503e4d356c0a2c1486ba010619f09",
                "sha256:79e70b8342a33b52b55d93b3a59223a844962bef479f6a0ea318ebbcadf71505",
                "sha256:7a4be4cbf241afee43f1c3969b9103a41b40bcb3a3f467ab19f891d9bc4642e4",
                "sha256:7c03296b85cb87db865d91da79bf63d5609284fc0cab9472fdd8367bbd830753",
                "sha256:842d08d75d9fe9fb94b18b071090220697f9f184d4547179b60734846461ed59",
                "sha256:864f8f19adbe13b7de11ba15d85d4a428c7e2f344bac110f667676a0ff84924b",
                "sha256:97eea7408db3a5bcce4a55d13245ab3fa566e23b4c67cd227062bb49e26c585d",
                "sha256:a839320bf27d474e52ef8cb16449bb2ce0ba03ca9f44daba6d93fa1d8828e48a",
                "sha256:afe327968aaf13fc143a56a3360cb27d4ad0345e34da12c7290f1b00b8fe9a8b",
                "sha256:b4d4e57f0a63fd0b358eb765063ff661328f69a04494427265950c71b992a39a",
                "sha256:b6354d3760fcd31994a14c89659dee887f1351a06e5dac3c1142307172a79f90",
                "sha256:b693dbb82b3c27a1604a3dff5bfc5418a7e6a781bb795288141e5f80cf3a3492",
                "sha256:bdc6a24e754a555d7316fa4774e64c6c3997d27ed2d1964d55920c7c227bc4ce",
                "sha256:beeefe437218a65322fbd0069eb437e7c98137e08f22c4660ac2dc795c31f8bb",
                "sha256:c5eeac541cefd0bb887a371ef73c62c3cd78535e4887b310626036a7c0a817bb",
                "sha256:c950d682f0952bafcceaf709761da0a32a942272fad381081b51096ffa46cea1",
                "sha256:d9af79d322e735b1fc33404b5765108ae0ff232d4b54666d46730f8ac1a43676",
                "sha256:e53e074b120f2877a35cc6c736b8eb161377caae8925c17688bd46ba56daaa5b",
                "sha256:e965a9c1e9a393b8005031ff52583cedc15b7884fce7deb8b0346388837d6cfe",
                "sha256:f01e060f14b6b57bbb72fc5b4a83ac21c443c9a2ee708e04a10e9192f90a6281",
                "sha256:f1e3ffa1365e8702dc48c8b360fef8d7afeca482809c5e45e653af82ccd088c1",
                "sha256:f6746e6fec103fcd509b96bacdfdaa2fbde9a553245dbada284435173a6f1aef",
                "sha256:f81b0ed2639568bf14749112298f9e4e2b28853dab50a8b357e31798686a036d"
            ],
            "markers": "python_version >= '3.8'",
            "version": "==4.3.0"
        },
        "boto3": {
            "hashes": [
                "sha256:c69c90500f18fd72d782d1612170b7d3db9a98ed51a4da3bebe38e693497ebf8",
                "sha256:fbfc2c43ad686b63c8aa02aee634c269f856eed68941d8e570cc45950be52130"
            ],
            "index": "pypi",
            "markers": "python_version >= '3.8'",
            "version": "==1.37.19"
        },
        "botocore": {
            "hashes": [
                "sha256:6e1337e73a6b8146c1ec20a6a72d67e2809bd4c0af076431fe6e1561e0c89415",
                "sha256:eadcdc37de09df25cf1e62e8106660c61f60a68e984acfc1a8d43fb6267e53b8"
            ],
            "markers": "python_version >= '3.8'",
            "version": "==1.37.19"
        },
        "cffi": {
            "hashes": [
                "sha256:045d61c734659cc045141be4bae381a41d89b741f795af1dd018bfb532fd0df8",
                "sha256:0984a4925a435b1da406122d4d7968dd861c1385afe3b45ba82b750f229811e2",
                "sha256:0e2b1fac190ae3ebfe37b979cc1ce69c81f4e4fe5746bb401dca63a9062cdaf1",
                "sha256:0f048dcf80db46f0098ccac01132761580d28e28bc0f78ae0d58048063317e15",
                "sha256:1257bdabf294dceb59f5e70c64a3e2f462c30c7ad68092d01bbbfb1c16b1ba36",
                "sha256:1c39c6016c32bc48dd54561950ebd6836e1670f2ae46128f67cf49e789c52824",
                "sha256:1d599671f396c4723d016dbddb72fe8e0397082b0a77a4fab8028923bec050e8",
                "sha256:28b16024becceed8c6dfbc75629e27788d8a3f9030691a1dbf9821a128b22c36",
                "sha256:2bb1a08b8008b281856e5971307cc386a8e9c5b625ac297e853d36da6efe9c17",
                "sha256:30c5e0cb5ae493c04c8b42916e52ca38079f1b235c2f8ae5f4527b963c401caf",
                "sha256:31000ec67d4221a71bd3f67df918b1f88f676f1c3b535a7eb473255fdc0b83fc",
                "sha256:386c8bf53c502fff58903061338ce4f4950cbdcb23e2902d86c0f722b786bbe3",
                "sha256:3edc8d958eb099c634dace3c7e16560ae474aa3803a5df240542b305d14e14ed",
                "sha256:45398b671ac6d70e67da8e4224a065cec6a93541bb7aebe1b198a61b58c7b702",
                "sha256:46bf43160c1a35f7ec506d254e5c890f3c03648a4dbac12d624e4490a7046cd1",
                "sha256:4ceb10419a9adf4460ea14cfd6bc43d08701f0835e979bf821052f1805850fe8",
                "sha256:51392eae71afec0d0c8fb1a53b204dbb3bcabcb3c9b807eedf3e1e6ccf2de903",
                "sha256:5da5719280082ac6bd9aa7becb3938dc9f9cbd57fac7d2871717b1feb0902ab6",
                "sha256:610faea79c43e44c71e1ec53a554553fa22321b65fae24889706c0a84d4ad86d",
                "sha256:636062ea65bd0195bc012fea9321aca499c0504409f413dc88af450b57ffd03b",
                "sha256:6883e737d7d9e4899a8a695e00ec36bd4e5e4f18fabe0aca0efe0a4b44cdb13e",
                "sha256:6b8b4a92e1c65048ff98cfe1f735ef8f1ceb72e3d5f0c25fdb12087a23da22be",
                "sha256:6f17be4345073b0a7b8ea599688f692ac3ef23ce28e5df79c04de519dbc4912c",
                "sha256:706510fe141c86a69c8ddc029c7910003a17353970cff3b904ff0686a5927683",
                "sha256:72e72408cad3d5419375fc87d289076ee319835bdfa2caad331e377589aebba9",
                "sha256:733e99bc2df47476e3848417c5a4540522f234dfd4ef3ab7fafdf555b082ec0c",
                "sha256:7596d6620d3fa590f677e9ee430df2958d2d6d6de2feeae5b20e82c00b76fbf8",
                "sha256:78122be759c3f8a014ce010908ae03364d00a1f81ab5c7f4a7a5120607ea56e1",
                "sha256:805b4371bf7197c329fcb3ead37e710d1bca9da5d583f5073b799d5c5bd1eee4",
                "sha256:85a950a4ac9c359340d5963966e3e0a94a676bd6245a4b55bc43949eee26a655",
                "sha256:8f2cdc858323644ab277e9bb925ad72ae0e67f69e804f4898c070998d50b1a67",
                "sha256:9755e4345d1ec879e3849e62222a18c7174d65a6a92d5b346b1863912168b595",
                "sha256:98e3969bcff97cae1b2def8ba499ea3d6f31ddfdb7635374834cf89a1a08ecf0",
                "sha256:a08d7e755f8ed21095a310a693525137cfe756ce62d066e53f502a83dc550f65",
                "sha256:a1ed2dd2972641495a3ec98445e09766f077aee98a1c896dcb4ad0d303628e41",
                "sha256:a24ed04c8ffd54b0729c07cee15a81d964e6fee0e3d4d342a27b020d22959dc6",
                "sha256:a45e3c6913c5b87b3ff120dcdc03f6131fa0065027d0ed7ee6190736a74cd401",
                "sha256:a9b15d491f3ad5d692e11f6b71f7857e7835eb677955c00cc0aefcd0669adaf6",
                "sha256:ad9413ccdeda48c5afdae7e4fa2192157e991ff761e7ab8fdd8926f40b160cc3",
                "sha256:b2ab587605f4ba0bf81dc0cb08a41bd1c0a5906bd59243d56bad7668a6fc6c16",
                "sha256:b62ce867176a75d03a665bad002af8e6d54644fad99a3c70905c543130e39d93",
                "sha256:c03e868a0b3bc35839ba98e74211ed2b05d2119be4e8a0f224fba9384f1fe02e",
                "sha256:c59d6e989d07460165cc5ad3c61f9fd8f1b4796eacbd81cee78957842b834af4",
                "sha256:c7eac2ef9b63c79431bc4b25f1cd649d7f061a28808cbc6c47b534bd789ef964",
                "sha256:c9c3d058ebabb74db66e431095118094d06abf53284d9c81f27300d0e0d8bc7c",
                "sha256:ca74b8dbe6e8e8263c0ffd60277de77dcee6c837a3d0881d8c1ead7268c9e576",
                "sha256:caaf0640ef5f5517f49bc275eca1406b0ffa6aa184892812030f04c2abf589a0",
                "sha256:cdf5ce3acdfd1661132f2a9c19cac174758dc2352bfe37d98aa7512c6b7178b3",
                "sha256:d016c76bdd850f3c626af19b0542c9677ba156e4ee4fccfdd7848803533ef662",
                "sha256:d01b12eeeb4427d3110de311e1774046ad344f5b1a7403101878976ecd7a10f3",
                "sha256:d63afe322132c194cf832bfec0dc69a99fb9bb6bbd550f161a49e9e855cc78ff",
                "sha256:da95af8214998d77a98cc14e3a3bd00aa191526343078b530ceb0bd710fb48a5",
                "sha256:dd398dbc6773384a17fe0d3e7eeb8d1a21c2200473ee6806bb5e6a8e62bb73dd",
                "sha256:de2ea4b5833625383e464549fec1bc395c1bdeeb5f25c4a3a82b5a8c756ec22f",
                "sha256:de55b766c7aa2e2a3092c51e0483d700341182f08e67c63630d5b6f200bb28e5",
                "sha256:df8b1c11f177bc2313ec4b2d46baec87a5f3e71fc8b45dab2ee7cae86d9aba14",
                "sha256:e03eab0a8677fa80d646b5ddece1cbeaf556c313dcfac435ba11f107ba117b5d",
                "sha256:e221cf152cff04059d011ee126477f0d9588303eb57e88923578ace7baad17f9",
                "sha256:e31ae45bc2e29f6b2abd0de1cc3b9d5205aa847cafaecb8af1476a609a2f6eb7",
                "sha256:edae79245293e15384b51f88b00613ba9f7198016a5948b5dddf4917d4d26382",
                "sha256:f1e22e8c4419538cb197e4dd60acc919d7696e5ef98ee4da4e01d3f8cfa4cc5a",
                "sha256:f3a2b4222ce6b60e2e8b337bb9596923045681d71e5a082783484d845390938e",
                "sha256:f6a16c31041f09ead72d69f583767292f750d24913dadacf5756b966aacb3f1a",
                "sha256:f75c7ab1f9e4aca5414ed4d8e5c0e303a34f4421f8a0d47a4d019ceff0ab6af4",
                "sha256:f79fc4fc25f1c8698ff97788206bb3c2598949bfe0fef03d299eb1b5356ada99",
                "sha256:f7f5baafcc48261359e14bcd6d9bff6d4b28d9103847c9e136694cb0501aef87",
                "sha256:fc48c783f9c87e60831201f2cce7f3b2e4846bf4d8728eabe54d60700b318a0b"
            ],
            "markers": "python_version >= '3.8'",
            "version": "==1.17.1"
        },
        "cryptography": {
            "hashes": [
                "sha256:04abd71114848aa25edb28e225ab5f268096f44cf0127f3d36975bdf1bdf3390",
                "sha256:0529b1d5a0105dd3731fa65680b45ce49da4d8115ea76e9da77a875396727b41",
                "sha256:1bc312dfb7a6e5d66082c87c34c8a62176e684b6fe3d90fcfe1568de675e6688",
                "sha256:268e4e9b177c76d569e8a145a6939eca9a5fec658c932348598818acf31ae9a5",
                "sha256:29ecec49f3ba3f3849362854b7253a9f59799e3763b0c9d0826259a88efa02f1",
                "sha256:2bf7bf75f7df9715f810d1b038870309342bff3069c5bd8c6b96128cb158668d",
                "sha256:3b721b8b4d948b218c88cb8c45a01793483821e709afe5f622861fc6182b20a7",
                "sha256:3c00b6b757b32ce0f62c574b78b939afab9eecaf597c4d624caca4f9e71e7843",
                "sha256:3dc62975e31617badc19a906481deacdeb80b4bb454394b4098e3f2525a488c5",
                "sha256:4973da6ca3db4405c54cd0b26d328be54c7747e89e284fcff166132eb7bccc9c",
                "sha256:4e389622b6927d8133f314949a9812972711a111d577a5d1f4bee5e58736b80a",
                "sha256:51e4de3af4ec3899d6d178a8c005226491c27c4ba84101bfb59c901e10ca9f79",
                "sha256:5f6f90b72d8ccadb9c6e311c775c8305381db88374c65fa1a68250aa8a9cb3a6",
                "sha256:6210c05941994290f3f7f175a4a57dbbb2afd9273657614c506d5976db061181",
                "sha256:6f101b1f780f7fc613d040ca4bdf835c6ef3b00e9bd7125a4255ec574c7916e4",
                "sha256:7bdcd82189759aba3816d1f729ce42ffded1ac304c151d0a8e89b9996ab863d5",
                "sha256:7ca25849404be2f8e4b3c59483d9d3c51298a22c1c61a0e84415104dacaf5562",
                "sha256:81276f0ea79a208d961c433a947029e1a15948966658cf6710bbabb60fcc2639",
                "sha256:8cadc6e3b5a1f144a039ea08a0bdb03a2a92e19c46be3285123d32029f40a922",
                "sha256:8e0ddd63e6bf1161800592c71ac794d3fb8001f2caebe0966e77c5234fa9efc3",
                "sha256:909c97ab43a9c0c0b0ada7a1281430e4e5ec0458e6d9244c0e821bbf152f061d",
                "sha256:96e7a5e9d6e71f9f4fca8eebfd603f8e86c5225bb18eb621b2c1e50b290a9471",
                "sha256:9a1e657c0f4ea2a23304ee3f964db058c9e9e635cc7019c4aa21c330755ef6fd",
                "sha256:9eb9d22b0a5d8fd9925a7764a054dca914000607dff201a24c791ff5c799e1fa",
                "sha256:af4ff3e388f2fa7bff9f7f2b31b87d5651c45731d3e8cfa0944be43dff5cfbdb",
                "sha256:b042d2a275c8cee83a4b7ae30c45a15e6a4baa65a179a0ec2d78ebb90e4f6699",
                "sha256:bc821e161ae88bfe8088d11bb39caf2916562e0a2dc7b6d56714a48b784ef0bb",
                "sha256:c505d61b6176aaf982c5717ce04e87da5abc9a36a5b39ac03905c4aafe8de7aa",
                "sha256:c63454aa261a0cf0c5b4718349629793e9e634993538db841165b3df74f37ec0",
                "sha256:c7362add18b416b69d58c910caa217f980c5ef39b23a38a0880dfd87bdf8cd23",
                "sha256:d03806036b4f89e3b13b6218fefea8d5312e450935b1a2d55f0524e2ed7c59d9",
                "sha256:d1b3031093a366ac767b3feb8bcddb596671b3aaff82d4050f984da0c248b615",
                "sha256:d1c3572526997b36f245a96a2b1713bf79ce99b271bbcf084beb6b9b075f29ea",
                "sha256:efcfe97d1b3c79e486554efddeb8f6f53a4cdd4cf6086642784fa31fc384e1d7",
                "sha256:f514ef4cd14bb6fb484b4a60203e912cfcb64f2ab139e88c2274511514bf7308"
            ],
            "markers": "python_version >= '3.7' and python_full_version not in '3.9.0, 3.9.1'",
            "version": "==44.0.2"
        },
        "debugpy": {
            "hashes": [
                "sha256:06859f68e817966723ffe046b896b1bd75c665996a77313370336ee9e1de3e90",
                "sha256:2b8de94c5c78aa0d0ed79023eb27c7c56a64c68217d881bee2ffbcb13951d0c1",
                "sha256:31abc9618be4edad0b3e3a85277bc9ab51a2d9f708ead0d99ffb5bb750e18503",
                "sha256:32b6857f8263a969ce2ca098f228e5cc0604d277447ec05911a8c46cf3e7e307",
                "sha256:3872ce5453b17837ef47fb9f3edc25085ff998ce63543f45ba7af41e7f7d370f",
                "sha256:3dae443739c6b604802da9f3e09b0f45ddf1cf23c99161f3a1a8039f61a8bb89",
                "sha256:46abe0b821cad751fc1fb9f860fb2e68d75e2c5d360986d0136cd1db8cad4428",
                "sha256:4caca674206e97c85c034c1efab4483f33971d4e02e73081265ecb612af65377",
                "sha256:5268ae7fdca75f526d04465931cb0bd24577477ff50e8bb03dab90983f4ebd02",
                "sha256:62f9b4a861c256f37e163ada8cf5a81f4c8d5148fc17ee31fb46813bd658cdcc",
                "sha256:63ca7670563c320503fea26ac688988d9d6b9c6a12abc8a8cf2e7dd8e5f6b6ea",
                "sha256:6fab771639332bd8ceb769aacf454a30d14d7a964f2012bf9c4e04c60f16e85b",
                "sha256:79ce4ed40966c4c1631d0131606b055a5a2f8e430e3f7bf8fd3744b09943e8e8",
                "sha256:7d9a05efc6973b5aaf076d779cf3a6bbb1199e059a17738a2aa9d27a53bcc888",
                "sha256:837e7bef95bdefba426ae38b9a94821ebdc5bea55627879cd48165c90b9e50ce",
                "sha256:887d54276cefbe7290a754424b077e41efa405a3e07122d8897de54709dbe522",
                "sha256:924464d87e7d905eb0d79fb70846558910e906d9ee309b60c4fe597a2e802590",
                "sha256:a0bd87557f97bced5513a74088af0b84982b6ccb2e254b9312e29e8a5c4270eb",
                "sha256:acf39a6e98630959763f9669feddee540745dfc45ad28dbc9bd1f9cd60639391",
                "sha256:cb56c2db69fb8df3168bc857d7b7d2494fed295dfdbde9a45f27b4b152f37520",
                "sha256:d4ba115cdd0e3a70942bd562adba9ec8c651fe69ddde2298a1be296fc331906f",
                "sha256:dc7b77f5d32674686a5f06955e4b18c0e41fb5a605f5b33cf225790f114cfeec",
                "sha256:ea869fe405880327497e6945c09365922c79d2a1eed4c3ae04d77ac7ae34b2b5",
                "sha256:ed93c3155fc1f888ab2b43626182174e457fc31b7781cd1845629303790b8ad1",
                "sha256:eee02b2ed52a563126c97bf04194af48f2fe1f68bb522a312b05935798e922ff",
                "sha256:f14d2c4efa1809da125ca62df41050d9c7cd9cb9e380a2685d1e453c4d450ccb"
            ],
            "markers": "python_version >= '3.8'",
            "version": "==1.8.13"
        },
        "dill": {
            "hashes": [
                "sha256:468dff3b89520b474c0397703366b7b95eebe6303f108adf9b19da1f702be87a",
                "sha256:81aa267dddf68cbfe8029c42ca9ec6a4ab3b22371d1c450abc54422577b4512c"
            ],
            "markers": "python_version >= '3.8'",
            "version": "==0.3.9"
        },
        "grpcio": {
            "hashes": [
                "sha256:02697eb4a5cbe5a9639f57323b4c37bcb3ab2d48cec5da3dc2f13334d72790dd",
                "sha256:03b0b307ba26fae695e067b94cbb014e27390f8bc5ac7a3a39b7723fed085604",
                "sha256:05bc2ceadc2529ab0b227b1310d249d95d9001cd106aa4d31e8871ad3c428d73",
                "sha256:06de8ec0bd71be123eec15b0e0d457474931c2c407869b6c349bd9bed4adbac3",
                "sha256:0be4e0490c28da5377283861bed2941d1d20ec017ca397a5df4394d1c31a9b50",
                "sha256:12fda97ffae55e6526825daf25ad0fa37483685952b5d0f910d6405c87e3adb6",
                "sha256:1caa38fb22a8578ab8393da99d4b8641e3a80abc8fd52646f1ecc92bcb8dee34",
                "sha256:2018b053aa15782db2541ca01a7edb56a0bf18c77efed975392583725974b249",
                "sha256:20657d6b8cfed7db5e11b62ff7dfe2e12064ea78e93f1434d61888834bc86d75",
                "sha256:2335c58560a9e92ac58ff2bc5649952f9b37d0735608242973c7a8b94a6437d8",
                "sha256:31fd163105464797a72d901a06472860845ac157389e10f12631025b3e4d0453",
                "sha256:38b68498ff579a3b1ee8f93a05eb48dc2595795f2f62716e797dc24774c1aaa8",
                "sha256:3b00efc473b20d8bf83e0e1ae661b98951ca56111feb9b9611df8efc4fe5d55d",
                "sha256:3ed71e81782966ffead60268bbda31ea3f725ebf8aa73634d5dda44f2cf3fb9c",
                "sha256:45a3d462826f4868b442a6b8fdbe8b87b45eb4f5b5308168c156b21eca43f61c",
                "sha256:49f0ca7ae850f59f828a723a9064cadbed90f1ece179d375966546499b8a2c9c",
                "sha256:4e504572433f4e72b12394977679161d495c4c9581ba34a88d843eaf0f2fbd39",
                "sha256:4ea1d062c9230278793820146c95d038dc0f468cbdd172eec3363e42ff1c7d01",
                "sha256:563588c587b75c34b928bc428548e5b00ea38c46972181a4d8b75ba7e3f24231",
                "sha256:6001e575b8bbd89eee11960bb640b6da6ae110cf08113a075f1e2051cc596cae",
                "sha256:66a0cd8ba6512b401d7ed46bb03f4ee455839957f28b8d61e7708056a806ba6a",
                "sha256:6851de821249340bdb100df5eacfecfc4e6075fa85c6df7ee0eb213170ec8e5d",
                "sha256:728bdf36a186e7f51da73be7f8d09457a03061be848718d0edf000e709418987",
                "sha256:73e3b425c1e155730273f73e419de3074aa5c5e936771ee0e4af0814631fb30a",
                "sha256:73fc8f8b9b5c4a03e802b3cd0c18b2b06b410d3c1dcbef989fdeb943bd44aff7",
                "sha256:78fa51ebc2d9242c0fc5db0feecc57a9943303b46664ad89921f5079e2e4ada7",
                "sha256:7b2c86457145ce14c38e5bf6bdc19ef88e66c5fee2c3d83285c5aef026ba93b3",
                "sha256:7d69ce1f324dc2d71e40c9261d3fdbe7d4c9d60f332069ff9b2a4d8a257c7b2b",
                "sha256:802d84fd3d50614170649853d121baaaa305de7b65b3e01759247e768d691ddf",
                "sha256:80fd702ba7e432994df208f27514280b4b5c6843e12a48759c9255679ad38db8",
                "sha256:8ac475e8da31484efa25abb774674d837b343afb78bb3bcdef10f81a93e3d6bf",
                "sha256:950da58d7d80abd0ea68757769c9db0a95b31163e53e5bb60438d263f4bed7b7",
                "sha256:99a641995a6bc4287a6315989ee591ff58507aa1cbe4c2e70d88411c4dcc0839",
                "sha256:9c3a99c519f4638e700e9e3f83952e27e2ea10873eecd7935823dab0c1c9250e",
                "sha256:9c509a4f78114cbc5f0740eb3d7a74985fd2eff022971bc9bc31f8bc93e66a3b",
                "sha256:a18e20d8321c6400185b4263e27982488cb5cdd62da69147087a76a24ef4e7e3",
                "sha256:a917d26e0fe980b0ac7bfcc1a3c4ad6a9a4612c911d33efb55ed7833c749b0ee",
                "sha256:a9539f01cb04950fd4b5ab458e64a15f84c2acc273670072abe49a3f29bbad54",
                "sha256:ad2efdbe90c73b0434cbe64ed372e12414ad03c06262279b104a029d1889d13e",
                "sha256:b672abf90a964bfde2d0ecbce30f2329a47498ba75ce6f4da35a2f4532b7acbc",
                "sha256:bbd27c24a4cc5e195a7f56cfd9312e366d5d61b86e36d46bbe538457ea6eb8dd",
                "sha256:c400ba5675b67025c8a9f48aa846f12a39cf0c44df5cd060e23fda5b30e9359d",
                "sha256:c408f5ef75cfffa113cacd8b0c0e3611cbfd47701ca3cdc090594109b9fcbaed",
                "sha256:c806852deaedee9ce8280fe98955c9103f62912a5b2d5ee7e3eaa284a6d8d8e7",
                "sha256:ce89f5876662f146d4c1f695dda29d4433a5d01c8681fbd2539afff535da14d4",
                "sha256:d25a14af966438cddf498b2e338f88d1c9706f3493b1d73b93f695c99c5f0e2a",
                "sha256:d8d4732cc5052e92cea2f78b233c2e2a52998ac40cd651f40e398893ad0d06ec",
                "sha256:d9a9724a156c8ec6a379869b23ba3323b7ea3600851c91489b871e375f710bc8",
                "sha256:e636ce23273683b00410f1971d209bf3689238cf5538d960adc3cdfe80dd0dbd",
                "sha256:e88264caad6d8d00e7913996030bac8ad5f26b7411495848cc218bd3a9040b6c",
                "sha256:f145cc21836c332c67baa6fc81099d1d27e266401565bf481948010d6ea32d46",
                "sha256:fb57870449dfcfac428afbb5a877829fcb0d6db9d9baa1148705739e9083880e",
                "sha256:fb70487c95786e345af5e854ffec8cb8cc781bcc5df7930c4fbb7feaa72e1cdf",
                "sha256:fe96281713168a3270878255983d2cb1a97e034325c8c2c25169a69289d3ecfa",
                "sha256:ff1f7882e56c40b0d33c4922c15dfa30612f05fb785074a012f7cda74d1c3679"
            ],
            "markers": "python_version >= '3.8'",
            "version": "==1.66.2"
        },
        "jmespath": {
            "hashes": [
                "sha256:02e2e4cc71b5bcab88332eebf907519190dd9e6e82107fa7f83b1003a6252980",
                "sha256:90261b206d6defd58fdd5e85f478bf633a2901798906be2ad389150c5c60edbe"
            ],
            "markers": "python_version >= '3.7'",
            "version": "==1.0.1"
        },
        "paramiko": {
            "hashes": [
                "sha256:43b9a0501fc2b5e70680388d9346cf252cfb7d00b0667c39e80eb43a408b8f61",
                "sha256:b2c665bc45b2b215bd7d7f039901b14b067da00f3a11e6640995fd58f2664822"
            ],
            "index": "pypi",
            "markers": "python_version >= '3.6'",
            "version": "==3.5.1"
        },
        "parver": {
            "hashes": [
                "sha256:2281b187276c8e8e3c15634f62287b2fb6fe0efe3010f739a6bd1e45fa2bf2b2",
                "sha256:b9fde1e6bb9ce9f07e08e9c4bea8d8825c5e78e18a0052d02e02bf9517eb4777"
            ],
            "markers": "python_version >= '3.8'",
            "version": "==0.5"
        },
        "pip": {
            "hashes": [
                "sha256:88f96547ea48b940a3a385494e181e29fb8637898f88d88737c5049780f196ea",
                "sha256:c46efd13b6aa8279f33f2864459c8ce587ea6a1a59ee20de055868d8f7688f7f"
            ],
            "markers": "python_version >= '3.8'",
            "version": "==25.0.1"
        },
        "protobuf": {
            "hashes": [
                "sha256:07972021c8e30b870cfc0863409d033af940213e0e7f64e27fe017b929d2c9f7",
                "sha256:3f3b0b39db04b509859361ac9bca65a265fe9342e6b9406eda58029f5b1d10b2",
                "sha256:4434ff8bb5576f9e0c78f47c41cdf3a152c0b44de475784cd3fd170aef16205a",
                "sha256:5dd800da412ba7f6f26d2c08868a5023ce624e1fdb28bccca2dc957191e81fb5",
                "sha256:61df6b5786e2b49fc0055f636c1e8f0aff263808bb724b95b164685ac1bcc13a",
                "sha256:6d4381f2417606d7e01750e2729fe6fbcda3f9883aa0c32b51d23012bded6c91",
                "sha256:6ef2045f89d4ad8d95fd43cd84621487832a61d15b49500e4c1350e8a0ef96be",
                "sha256:8bad0f9e8f83c1fbfcc34e573352b17dfce7d0519512df8519994168dc015d7d",
                "sha256:b6905b68cde3b8243a198268bb46fbec42b3455c88b6b02fb2529d2c306d18fc",
                "sha256:b8f837bfb77513fe0e2f263250f423217a173b6d85135be4d81e96a4653bcd3c",
                "sha256:f8cfbae7c5afd0d0eaccbe73267339bff605a2315860bb1ba08eb66670a9a91f"
            ],
            "markers": "python_version >= '3.8'",
            "version": "==4.25.6"
        },
        "pulumi": {
            "hashes": [
                "sha256:27176dfdd0dc3af408ad16e422cd5925152641643a0b0c07f067b55ae0028706"
            ],
            "index": "pypi",
            "markers": "python_version >= '3.9'",
            "version": "==3.158.0"
        },
        "pulumi-aws": {
            "hashes": [
                "sha256:6728e54ca85cde9c40badfb7b740eae20f20febc64a004f51428a93d571e3980",
                "sha256:d601f391c1fc364c0de29dc3298a484fdcaffdb849a4f8d393672b1a5d446086"
            ],
            "index": "pypi",
            "markers": "python_version >= '3.9'",
            "version": "==6.73.0"
        },
        "pycparser": {
            "hashes": [
                "sha256:491c8be9c040f5390f5bf44a5b07752bd07f56edf992381b05c701439eec10f6",
                "sha256:c3702b6d3dd8c7abc1afa565d7e63d53a1d0bd86cdc24edd75470f4de499cfcc"
            ],
            "markers": "python_version >= '3.8'",
            "version": "==2.22"
        },
        "pynacl": {
            "hashes": [
                "sha256:06b8f6fa7f5de8d5d2f7573fe8c863c051225a27b61e6860fd047b1775807858",
                "sha256:0c84947a22519e013607c9be43706dd42513f9e6ae5d39d3613ca1e142fba44d",
                "sha256:20f42270d27e1b6a29f54032090b972d97f0a1b0948cc52392041ef7831fee93",
                "sha256:401002a4aaa07c9414132aaed7f6836ff98f59277a234704ff66878c2ee4a0d1",
                "sha256:52cb72a79269189d4e0dc537556f4740f7f0a9ec41c1322598799b0bdad4ef92",
                "sha256:61f642bf2378713e2c2e1de73444a3778e5f0a38be6fee0fe532fe30060282ff",
                "sha256:8ac7448f09ab85811607bdd21ec2464495ac8b7c66d146bf545b0f08fb9220ba",
                "sha256:a36d4a9dda1f19ce6e03c9a784a2921a4b726b02e1c736600ca9c22029474394",
                "sha256:a422368fc821589c228f4c49438a368831cb5bbc0eab5ebe1d7fac9dded6567b",
                "sha256:e46dae94e34b085175f8abb3b0aaa7da40767865ac82c928eeb9e57e1ea8a543"
            ],
            "markers": "python_version >= '3.6'",
            "version": "==1.5.0"
        },
        "python-dateutil": {
            "hashes": [
                "sha256:37dd54208da7e1cd875388217d5e00ebd4179249f90fb72437e91a35459a0ad3",
                "sha256:a8b2bc7bffae282281c8140a97d3aa9c14da0b136dfe83f850eea9a5f7470427"
            ],
            "markers": "python_version >= '2.7' and python_version not in '3.0, 3.1, 3.2'",
            "version": "==2.9.0.post0"
        },
        "pyyaml": {
            "hashes": [
                "sha256:01179a4a8559ab5de078078f37e5c1a30d76bb88519906844fd7bdea1b7729ff",
                "sha256:0833f8694549e586547b576dcfaba4a6b55b9e96098b36cdc7ebefe667dfed48",
                "sha256:0a9a2848a5b7feac301353437eb7d5957887edbf81d56e903999a75a3d743086",
                "sha256:0b69e4ce7a131fe56b7e4d770c67429700908fc0752af059838b1cfb41960e4e",
                "sha256:0ffe8360bab4910ef1b9e87fb812d8bc0a308b0d0eef8c8f44e0254ab3b07133",
                "sha256:11d8f3dd2b9c1207dcaf2ee0bbbfd5991f571186ec9cc78427ba5bd32afae4b5",
                "sha256:17e311b6c678207928d649faa7cb0d7b4c26a0ba73d41e99c4fff6b6c3276484",
                "sha256:1e2120ef853f59c7419231f3bf4e7021f1b936f6ebd222406c3b60212205d2ee",
                "sha256:1f71ea527786de97d1a0cc0eacd1defc0985dcf6b3f17bb77dcfc8c34bec4dc5",
                "sha256:23502f431948090f597378482b4812b0caae32c22213aecf3b55325e049a6c68",
                "sha256:24471b829b3bf607e04e88d79542a9d48bb037c2267d7927a874e6c205ca7e9a",
                "sha256:29717114e51c84ddfba879543fb232a6ed60086602313ca38cce623c1d62cfbf",
                "sha256:2e99c6826ffa974fe6e27cdb5ed0021786b03fc98e5ee3c5bfe1fd5015f42b99",
                "sha256:39693e1f8320ae4f43943590b49779ffb98acb81f788220ea932a6b6c51004d8",
                "sha256:3ad2a3decf9aaba3d29c8f537ac4b243e36bef957511b4766cb0057d32b0be85",
                "sha256:3b1fdb9dc17f5a7677423d508ab4f243a726dea51fa5e70992e59a7411c89d19",
                "sha256:41e4e3953a79407c794916fa277a82531dd93aad34e29c2a514c2c0c5fe971cc",
                "sha256:43fa96a3ca0d6b1812e01ced1044a003533c47f6ee8aca31724f78e93ccc089a",
                "sha256:50187695423ffe49e2deacb8cd10510bc361faac997de9efef88badc3bb9e2d1",
                "sha256:5ac9328ec4831237bec75defaf839f7d4564be1e6b25ac710bd1a96321cc8317",
                "sha256:5d225db5a45f21e78dd9358e58a98702a0302f2659a3c6cd320564b75b86f47c",
                "sha256:6395c297d42274772abc367baaa79683958044e5d3835486c16da75d2a694631",
                "sha256:688ba32a1cffef67fd2e9398a2efebaea461578b0923624778664cc1c914db5d",
                "sha256:68ccc6023a3400877818152ad9a1033e3db8625d899c72eacb5a668902e4d652",
                "sha256:70b189594dbe54f75ab3a1acec5f1e3faa7e8cf2f1e08d9b561cb41b845f69d5",
                "sha256:797b4f722ffa07cc8d62053e4cff1486fa6dc094105d13fea7b1de7d8bf71c9e",
                "sha256:7c36280e6fb8385e520936c3cb3b8042851904eba0e58d277dca80a5cfed590b",
                "sha256:7e7401d0de89a9a855c839bc697c079a4af81cf878373abd7dc625847d25cbd8",
                "sha256:80bab7bfc629882493af4aa31a4cfa43a4c57c83813253626916b8c7ada83476",
                "sha256:82d09873e40955485746739bcb8b4586983670466c23382c19cffecbf1fd8706",
                "sha256:8388ee1976c416731879ac16da0aff3f63b286ffdd57cdeb95f3f2e085687563",
                "sha256:8824b5a04a04a047e72eea5cec3bc266db09e35de6bdfe34c9436ac5ee27d237",
                "sha256:8b9c7197f7cb2738065c481a0461e50ad02f18c78cd75775628afb4d7137fb3b",
                "sha256:9056c1ecd25795207ad294bcf39f2db3d845767be0ea6e6a34d856f006006083",
                "sha256:936d68689298c36b53b29f23c6dbb74de12b4ac12ca6cfe0e047bedceea56180",
                "sha256:9b22676e8097e9e22e36d6b7bda33190d0d400f345f23d4065d48f4ca7ae0425",
                "sha256:a4d3091415f010369ae4ed1fc6b79def9416358877534caf6a0fdd2146c87a3e",
                "sha256:a8786accb172bd8afb8be14490a16625cbc387036876ab6ba70912730faf8e1f",
                "sha256:a9f8c2e67970f13b16084e04f134610fd1d374bf477b17ec1599185cf611d725",
                "sha256:bc2fa7c6b47d6bc618dd7fb02ef6fdedb1090ec036abab80d4681424b84c1183",
                "sha256:c70c95198c015b85feafc136515252a261a84561b7b1d51e3384e0655ddf25ab",
                "sha256:cc1c1159b3d456576af7a3e4d1ba7e6924cb39de8f67111c735f6fc832082774",
                "sha256:ce826d6ef20b1bc864f0a68340c8b3287705cae2f8b4b1d932177dcc76721725",
                "sha256:d584d9ec91ad65861cc08d42e834324ef890a082e591037abe114850ff7bbc3e",
                "sha256:d7fded462629cfa4b685c5416b949ebad6cec74af5e2d42905d41e257e0869f5",
                "sha256:d84a1718ee396f54f3a086ea0a66d8e552b2ab2017ef8b420e92edbc841c352d",
                "sha256:d8e03406cac8513435335dbab54c0d385e4a49e4945d2909a581c83647ca0290",
                "sha256:e10ce637b18caea04431ce14fabcf5c64a1c61ec9c56b071a4b7ca131ca52d44",
                "sha256:ec031d5d2feb36d1d1a24380e4db6d43695f3748343d99434e6f5f9156aaa2ed",
                "sha256:ef6107725bd54b262d6dedcc2af448a266975032bc85ef0172c5f059da6325b4",
                "sha256:efdca5630322a10774e8e98e1af481aad470dd62c3170801852d752aa7a783ba",
                "sha256:f753120cb8181e736c57ef7636e83f31b9c0d1722c516f7e86cf15b7aa57ff12",
                "sha256:ff3824dc5261f50c9b0dfb3be22b4567a6f938ccce4587b38952d85fd9e9afe4"
            ],
            "markers": "python_version >= '3.8'",
            "version": "==6.0.2"
        },
        "s3transfer": {
            "hashes": [
                "sha256:559f161658e1cf0a911f45940552c696735f5c74e64362e515f333ebed87d679",
                "sha256:ac265fa68318763a03bf2dc4f39d5cbd6a9e178d81cc9483ad27da33637e320d"
            ],
            "markers": "python_version >= '3.8'",
            "version": "==0.11.4"
        },
        "semver": {
            "hashes": [
                "sha256:9c824d87ba7f7ab4a1890799cec8596f15c1241cb473404ea1cb0c55e4b04746",
                "sha256:afc7d8c584a5ed0a11033af086e8af226a9c0b206f313e0301f8dd7b6b589602"
            ],
            "markers": "python_version >= '3.7'",
            "version": "==3.0.4"
        },
        "six": {
            "hashes": [
                "sha256:4721f391ed90541fddacab5acf947aa0d3dc7d27b2e1e8eda2be8970586c3274",
                "sha256:ff70335d468e7eb6ec65b95b99d3a2836546063f63acc5171de367e834932a81"
            ],
            "markers": "python_version >= '2.7' and python_version not in '3.0, 3.1, 3.2'",
            "version": "==1.17.0"
        },
        "urllib3": {
            "hashes": [
                "sha256:1cee9ad369867bfdbbb48b7dd50374c0967a0bb7710050facf0dd6911440e3df",
                "sha256:f8c5449b3cf0861679ce7e0503c7b44b5ec981bec0d1d3795a07f1ba96f0204d"
            ],
            "markers": "python_version >= '3.9'",
            "version": "==2.3.0"
        }
    },
    "develop": {}
}
